
Microsoft Visual Studio Solution File, Format Version 12.00
# Visual Studio Version 17
VisualStudioVersion = 17.5.33402.96
MinimumVisualStudioVersion = 10.0.40219.1
Project("{9A19103F-16F7-4668-BE54-9A1E7A4F7556}") = "OKX.Api", "OKX.Api\OKX.Api.csproj", "{B45359C6-B6EA-41F3-9461-B4A924F5D9F7}"
EndProject
Project("{9A19103F-16F7-4668-BE54-9A1E7A4F7556}") = "OKX.Api.Examples", "OKX.Api.Examples\OKX.Api.Examples.csproj", "{03DCE20E-23E1-4F95-8385-C336551BC8D4}"
EndProject
Global
	GlobalSection(SolutionConfigurationPlatforms) = preSolution
		Debug|Any CPU = Debug|Any CPU
		Release|Any CPU = Release|Any CPU
	EndGlobalSection
	GlobalSection(ProjectConfigurationPlatforms) = postSolution
		{B45359C6-B6EA-41F3-9461-B4A924F5D9F7}.Debug|Any CPU.ActiveCfg = Debug|Any CPU
		{B45359C6-B6EA-41F3-9461-B4A924F5D9F7}.Debug|Any CPU.Build.0 = Debug|Any CPU
		{B45359C6-B6EA-41F3-9461-B4A924F5D9F7}.Release|Any CPU.ActiveCfg = Release|Any CPU
		{B45359C6-B6EA-41F3-9461-B4A924F5D9F7}.Release|Any CPU.Build.0 = Release|Any CPU
		{03DCE20E-23E1-4F95-8385-C336551BC8D4}.Debug|Any CPU.ActiveCfg = Debug|Any CPU
		{03DCE20E-23E1-4F95-8385-C336551BC8D4}.Debug|Any CPU.Build.0 = Debug|Any CPU
		{03DCE20E-23E1-4F95-8385-C336551BC8D4}.Release|Any CPU.ActiveCfg = Release|Any CPU
		{03DCE20E-23E1-4F95-8385-C336551BC8D4}.Release|Any CPU.Build.0 = Release|Any CPU
	EndGlobalSection
	GlobalSection(SolutionProperties) = preSolution
		HideSolutionNode = FALSE
	EndGlobalSection
	GlobalSection(ExtensibilityGlobals) = postSolution
		SolutionGuid = {CB7061FB-B2C2-4F9B-B662-CE00DB9EAFC8}
	EndGlobalSection
EndGlobal
